// !$*UTF8*$!
{
	archiveVersion = 1;
	classes = {
	};
	objectVersion = 56;
	objects = {

/* Begin PBXBuildFile section */
		C813D9D82D7AED5500833098 /* CodeEditorModel.swift in Sources */ = {isa = PBXBuildFile; fileRef = C813D9D72D7AED5500833098 /* CodeEditorModel.swift */; };
		C813D9DA2D7AED7600833098 /* Theme.swift in Sources */ = {isa = PBXBuildFile; fileRef = C813D9D92D7AED7600833098 /* Theme.swift */; };
		C81EF13A2D6B1D6A001B3B5E /* DevLintApp.swift in Sources */ = {isa = PBXBuildFile; fileRef = C81EF1392D6B1D6A001B3B5E /* DevLintApp.swift */; };
		C81EF13C2D6B1D6A001B3B5E /* ContentView.swift in Sources */ = {isa = PBXBuildFile; fileRef = C81EF13B2D6B1D6A001B3B5E /* ContentView.swift */; };
		C81EF13E2D6B1D6E001B3B5E /* Assets.xcassets in Resources */ = {isa = PBXBuildFile; fileRef = C81EF13D2D6B1D6E001B3B5E /* Assets.xcassets */; };
		C81EF1412D6B1D6E001B3B5E /* Preview Assets.xcassets in Resources */ = {isa = PBXBuildFile; fileRef = C81EF1402D6B1D6E001B3B5E /* Preview Assets.xcassets */; };
		C88818B92D6B9C0D00C62F85 /* SwiftFormat in Frameworks */ = {isa = PBXBuildFile; productRef = C88818B82D6B9C0D00C62F85 /* SwiftFormat */; };
		C89B30402D6B49CF00E1EFBF /* CodeEditor.swift in Sources */ = {isa = PBXBuildFile; fileRef = C89B303F2D6B49CF00E1EFBF /* CodeEditor.swift */; };
		C8AC32302D7AF297003F496D /* CodeEditorViewModel.swift in Sources */ = {isa = PBXBuildFile; fileRef = C8AC322F2D7AF297003F496D /* CodeEditorViewModel.swift */; };
		C8AC32322D7AF2B7003F496D /* ThemeManager.swift in Sources */ = {isa = PBXBuildFile; fileRef = C8AC32312D7AF2B7003F496D /* ThemeManager.swift */; };
		C8AC32342D7AF3ED003F496D /* CustomTextEditor.swift in Sources */ = {isa = PBXBuildFile; fileRef = C8AC32332D7AF3ED003F496D /* CustomTextEditor.swift */; };
		C8AC32362D7AF40A003F496D /* ThemeSelectorView.swift in Sources */ = {isa = PBXBuildFile; fileRef = C8AC32352D7AF40A003F496D /* ThemeSelectorView.swift */; };
		C8F849B52D75AEF1002090E5 /* CodeEditorView.swift in Sources */ = {isa = PBXBuildFile; fileRef = C8F849B42D75AEF1002090E5 /* CodeEditorView.swift */; };
		C8F849BB2D75AF4A002090E5 /* SyntaxHighlighter.swift in Sources */ = {isa = PBXBuildFile; fileRef = C8F849BA2D75AF4A002090E5 /* SyntaxHighlighter.swift */; };
/* End PBXBuildFile section */

/* Begin PBXFileReference section */
		C813D9D72D7AED5500833098 /* CodeEditorModel.swift */ = {isa = PBXFileReference; lastKnownFileType = sourcecode.swift; path = CodeEditorModel.swift; sourceTree = "<group>"; };
		C813D9D92D7AED7600833098 /* Theme.swift */ = {isa = PBXFileReference; lastKnownFileType = sourcecode.swift; path = Theme.swift; sourceTree = "<group>"; };
		C81EF1362D6B1D6A001B3B5E /* DevLint.app */ = {isa = PBXFileReference; explicitFileType = wrapper.application; includeInIndex = 0; path = DevLint.app; sourceTree = BUILT_PRODUCTS_DIR; };
		C81EF1392D6B1D6A001B3B5E /* DevLintApp.swift */ = {isa = PBXFileReference; lastKnownFileType = sourcecode.swift; path = DevLintApp.swift; sourceTree = "<group>"; };
		C81EF13B2D6B1D6A001B3B5E /* ContentView.swift */ = {isa = PBXFileReference; lastKnownFileType = sourcecode.swift; path = ContentView.swift; sourceTree = "<group>"; };
		C81EF13D2D6B1D6E001B3B5E /* Assets.xcassets */ = {isa = PBXFileReference; lastKnownFileType = folder.assetcatalog; path = Assets.xcassets; sourceTree = "<group>"; };
		C81EF1402D6B1D6E001B3B5E /* Preview Assets.xcassets */ = {isa = PBXFileReference; lastKnownFileType = folder.assetcatalog; path = "Preview Assets.xcassets"; sourceTree = "<group>"; };
		C81EF1422D6B1D6E001B3B5E /* DevLint.entitlements */ = {isa = PBXFileReference; lastKnownFileType = text.plist.entitlements; path = DevLint.entitlements; sourceTree = "<group>"; };
		C89B303F2D6B49CF00E1EFBF /* CodeEditor.swift */ = {isa = PBXFileReference; lastKnownFileType = sourcecode.swift; path = CodeEditor.swift; sourceTree = "<group>"; };
		C8AC322F2D7AF297003F496D /* CodeEditorViewModel.swift */ = {isa = PBXFileReference; lastKnownFileType = sourcecode.swift; path = CodeEditorViewModel.swift; sourceTree = "<group>"; };
		C8AC32312D7AF2B7003F496D /* ThemeManager.swift */ = {isa = PBXFileReference; lastKnownFileType = sourcecode.swift; path = ThemeManager.swift; sourceTree = "<group>"; };
		C8AC32332D7AF3ED003F496D /* CustomTextEditor.swift */ = {isa = PBXFileReference; lastKnownFileType = sourcecode.swift; path = CustomTextEditor.swift; sourceTree = "<group>"; };
		C8AC32352D7AF40A003F496D /* ThemeSelectorView.swift */ = {isa = PBXFileReference; lastKnownFileType = sourcecode.swift; path = ThemeSelectorView.swift; sourceTree = "<group>"; };
		C8F849B42D75AEF1002090E5 /* CodeEditorView.swift */ = {isa = PBXFileReference; lastKnownFileType = sourcecode.swift; path = CodeEditorView.swift; sourceTree = "<group>"; };
		C8F849BA2D75AF4A002090E5 /* SyntaxHighlighter.swift */ = {isa = PBXFileReference; lastKnownFileType = sourcecode.swift; path = SyntaxHighlighter.swift; sourceTree = "<group>"; };
/* End PBXFileReference section */

/* Begin PBXFrameworksBuildPhase section */
		C81EF1332D6B1D6A001B3B5E /* Frameworks */ = {
			isa = PBXFrameworksBuildPhase;
			buildActionMask = 2147483647;
			files = (
				C88818B92D6B9C0D00C62F85 /* SwiftFormat in Frameworks */,
			);
			runOnlyForDeploymentPostprocessing = 0;
		};
/* End PBXFrameworksBuildPhase section */

/* Begin PBXGroup section */
		C81EF12D2D6B1D6A001B3B5E = {
			isa = PBXGroup;
			children = (
				C81EF1382D6B1D6A001B3B5E /* DevLint */,
				C81EF1372D6B1D6A001B3B5E /* Products */,
			);
			sourceTree = "<group>";
		};
		C81EF1372D6B1D6A001B3B5E /* Products */ = {
			isa = PBXGroup;
			children = (
				C81EF1362D6B1D6A001B3B5E /* DevLint.app */,
			);
			name = Products;
			sourceTree = "<group>";
		};
		C81EF1382D6B1D6A001B3B5E /* DevLint */ = {
			isa = PBXGroup;
			children = (
				C887B66F2D77784A00AE1A03 /* Models */,
				C8F849B32D75AD81002090E5 /* Views */,
				C8F849B62D75AF02002090E5 /* ViewModels */,
				C8F849B92D75AF32002090E5 /* Utilities */,
				C8F849BC2D75CF36002090E5 /* Resources */,
				C81EF1392D6B1D6A001B3B5E /* DevLintApp.swift */,
				C81EF13D2D6B1D6E001B3B5E /* Assets.xcassets */,
				C81EF1422D6B1D6E001B3B5E /* DevLint.entitlements */,
				C81EF13F2D6B1D6E001B3B5E /* Preview Content */,
				C89B303F2D6B49CF00E1EFBF /* CodeEditor.swift */,
			);
			path = DevLint;
			sourceTree = "<group>";
		};
		C81EF13F2D6B1D6E001B3B5E /* Preview Content */ = {
			isa = PBXGroup;
			children = (
				C81EF1402D6B1D6E001B3B5E /* Preview Assets.xcassets */,
			);
			path = "Preview Content";
			sourceTree = "<group>";
		};
		C887B66F2D77784A00AE1A03 /* Models */ = {
			isa = PBXGroup;
			children = (
				C813D9D72D7AED5500833098 /* CodeEditorModel.swift */,
				C813D9D92D7AED7600833098 /* Theme.swift */,
			);
			path = Models;
			sourceTree = "<group>";
		};
		C8F849B32D75AD81002090E5 /* Views */ = {
			isa = PBXGroup;
			children = (
				C81EF13B2D6B1D6A001B3B5E /* ContentView.swift */,
				C8F849B42D75AEF1002090E5 /* CodeEditorView.swift */,
				C8AC32332D7AF3ED003F496D /* CustomTextEditor.swift */,
				C8AC32352D7AF40A003F496D /* ThemeSelectorView.swift */,
			);
			path = Views;
			sourceTree = "<group>";
		};
		C8F849B62D75AF02002090E5 /* ViewModels */ = {
			isa = PBXGroup;
			children = (
				C8AC322F2D7AF297003F496D /* CodeEditorViewModel.swift */,
				C8AC32312D7AF2B7003F496D /* ThemeManager.swift */,
			);
			path = ViewModels;
			sourceTree = "<group>";
		};
		C8F849B92D75AF32002090E5 /* Utilities */ = {
			isa = PBXGroup;
			children = (
				C8F849BA2D75AF4A002090E5 /* SyntaxHighlighter.swift */,
			);
			path = Utilities;
			sourceTree = "<group>";
		};
		C8F849BC2D75CF36002090E5 /* Resources */ = {
			isa = PBXGroup;
			children = (
			);
			path = Resources;
			sourceTree = "<group>";
		};
/* End PBXGroup section */

/* Begin PBXNativeTarget section */
		C81EF1352D6B1D6A001B3B5E /* DevLint */ = {
			isa = PBXNativeTarget;
			buildConfigurationList = C81EF1452D6B1D6E001B3B5E /* Build configuration list for PBXNativeTarget "DevLint" */;
			buildPhases = (
				C8C054902D741465000DAF40 /* Run SwiftFormat */,
				C81EF1322D6B1D6A001B3B5E /* Sources */,
				C81EF1332D6B1D6A001B3B5E /* Frameworks */,
				C81EF1342D6B1D6A001B3B5E /* Resources */,
			);
			buildRules = (
			);
			dependencies = (
			);
			name = DevLint;
			packageProductDependencies = (
				C88818B82D6B9C0D00C62F85 /* SwiftFormat */,
			);
			productName = DevLint;
			productReference = C81EF1362D6B1D6A001B3B5E /* DevLint.app */;
			productType = "com.apple.product-type.application";
		};
/* End PBXNativeTarget section */

/* Begin PBXProject section */
		C81EF12E2D6B1D6A001B3B5E /* Project object */ = {
			isa = PBXProject;
			attributes = {
				BuildIndependentTargetsInParallel = 1;
				LastSwiftUpdateCheck = 1420;
				LastUpgradeCheck = 1420;
				TargetAttributes = {
					C81EF1352D6B1D6A001B3B5E = {
						CreatedOnToolsVersion = 14.2;
					};
				};
			};
			buildConfigurationList = C81EF1312D6B1D6A001B3B5E /* Build configuration list for PBXProject "DevLint" */;
			compatibilityVersion = "Xcode 14.0";
			developmentRegion = en;
			hasScannedForEncodings = 0;
			knownRegions = (
				en,
				Base,
			);
			mainGroup = C81EF12D2D6B1D6A001B3B5E;
			packageReferences = (
				C88818B72D6B9C0D00C62F85 /* XCRemoteSwiftPackageReference "SwiftFormat" */,
			);
			productRefGroup = C81EF1372D6B1D6A001B3B5E /* Products */;
			projectDirPath = "";
			projectRoot = "";
			targets = (
				C81EF1352D6B1D6A001B3B5E /* DevLint */,
			);
		};
/* End PBXProject section */

/* Begin PBXResourcesBuildPhase section */
		C81EF1342D6B1D6A001B3B5E /* Resources */ = {
			isa = PBXResourcesBuildPhase;
			buildActionMask = 2147483647;
			files = (
				C81EF1412D6B1D6E001B3B5E /* Preview Assets.xcassets in Resources */,
				C81EF13E2D6B1D6E001B3B5E /* Assets.xcassets in Resources */,
			);
			runOnlyForDeploymentPostprocessing = 0;
		};
/* End PBXResourcesBuildPhase section */

/* Begin PBXShellScriptBuildPhase section */
		C8C054902D741465000DAF40 /* Run SwiftFormat */ = {
			isa = PBXShellScriptBuildPhase;
			buildActionMask = 2147483647;
			files = (
			);
			inputFileListPaths = (
			);
			inputPaths = (
			);
			name = "Run SwiftFormat";
			outputFileListPaths = (
			);
			outputPaths = (
			);
			runOnlyForDeploymentPostprocessing = 0;
			shellPath = /bin/sh;
			shellScript = "export PATH=\"/opt/homebrew/bin:/usr/local/bin:$PATH\"\n\nif which swiftformat >/dev/null; then\n    /usr/local/bin/swiftformat \"$SRCROOT\"\n    touch $(find . -name \"*.swift\")\nelse\n    echo \"warning: SwiftFormat not installed. Run 'brew install swiftformat'\"\nfi\n\n";
		};
/* End PBXShellScriptBuildPhase section */

/* Begin PBXSourcesBuildPhase section */
		C81EF1322D6B1D6A001B3B5E /* Sources */ = {
			isa = PBXSourcesBuildPhase;
			buildActionMask = 2147483647;
			files = (
				C8F849BB2D75AF4A002090E5 /* SyntaxHighlighter.swift in Sources */,
				C8AC32342D7AF3ED003F496D /* CustomTextEditor.swift in Sources */,
				C8AC32302D7AF297003F496D /* CodeEditorViewModel.swift in Sources */,
				C81EF13C2D6B1D6A001B3B5E /* ContentView.swift in Sources */,
				C813D9D82D7AED5500833098 /* CodeEditorModel.swift in Sources */,
				C813D9DA2D7AED7600833098 /* Theme.swift in Sources */,
				C8AC32362D7AF40A003F496D /* ThemeSelectorView.swift in Sources */,
				C8AC32322D7AF2B7003F496D /* ThemeManager.swift in Sources */,
				C81EF13A2D6B1D6A001B3B5E /* DevLintApp.swift in Sources */,
				C8F849B52D75AEF1002090E5 /* CodeEditorView.swift in Sources */,
				C89B30402D6B49CF00E1EFBF /* CodeEditor.swift in Sources */,
			);
			runOnlyForDeploymentPostprocessing = 0;
		};
/* End PBXSourcesBuildPhase section */

/* Begin XCBuildConfiguration section */
		C81EF1432D6B1D6E001B3B5E /* Debug */ = {
			isa = XCBuildConfiguration;
			buildSettings = {
				ALWAYS_SEARCH_USER_PATHS = NO;
				CLANG_ANALYZER_NONNULL = YES;
				CLANG_ANALYZER_NUMBER_OBJECT_CONVERSION = YES_AGGRESSIVE;
				CLANG_CXX_LANGUAGE_STANDARD = "gnu++20";
				CLANG_ENABLE_MODULES = YES;
				CLANG_ENABLE_OBJC_ARC = YES;
				CLANG_ENABLE_OBJC_WEAK = YES;
				CLANG_WARN_BLOCK_CAPTURE_AUTORELEASING = YES;
				CLANG_WARN_BOOL_CONVERSION = YES;
				CLANG_WARN_COMMA = YES;
				CLANG_WARN_CONSTANT_CONVERSION = YES;
				CLANG_WARN_DEPRECATED_OBJC_IMPLEMENTATIONS = YES;
				CLANG_WARN_DIRECT_OBJC_ISA_USAGE = YES_ERROR;
				CLANG_WARN_DOCUMENTATION_COMMENTS = YES;
				CLANG_WARN_EMPTY_BODY = YES;
				CLANG_WARN_ENUM_CONVERSION = YES;
				CLANG_WARN_INFINITE_RECURSION = YES;
				CLANG_WARN_INT_CONVERSION = YES;
				CLANG_WARN_NON_LITERAL_NULL_CONVERSION = YES;
				CLANG_WARN_OBJC_IMPLICIT_RETAIN_SELF = YES;
				CLANG_WARN_OBJC_LITERAL_CONVERSION = YES;
				CLANG_WARN_OBJC_ROOT_CLASS = YES_ERROR;
				CLANG_WARN_QUOTED_INCLUDE_IN_FRAMEWORK_HEADER = YES;
				CLANG_WARN_RANGE_LOOP_ANALYSIS = YES;
				CLANG_WARN_STRICT_PROTOTYPES = YES;
				CLANG_WARN_SUSPICIOUS_MOVE = YES;
				CLANG_WARN_UNGUARDED_AVAILABILITY = YES_AGGRESSIVE;
				CLANG_WARN_UNREACHABLE_CODE = YES;
				CLANG_WARN__DUPLICATE_METHOD_MATCH = YES;
				COPY_PHASE_STRIP = NO;
				DEBUG_INFORMATION_FORMAT = dwarf;
				ENABLE_STRICT_OBJC_MSGSEND = YES;
				ENABLE_TESTABILITY = YES;
				GCC_C_LANGUAGE_STANDARD = gnu11;
				GCC_DYNAMIC_NO_PIC = NO;
				GCC_NO_COMMON_BLOCKS = YES;
				GCC_OPTIMIZATION_LEVEL = 0;
				GCC_PREPROCESSOR_DEFINITIONS = (
					"DEBUG=1",
					"$(inherited)",
				);
				GCC_WARN_64_TO_32_BIT_CONVERSION = YES;
				GCC_WARN_ABOUT_RETURN_TYPE = YES_ERROR;
				GCC_WARN_UNDECLARED_SELECTOR = YES;
				GCC_WARN_UNINITIALIZED_AUTOS = YES_AGGRESSIVE;
				GCC_WARN_UNUSED_FUNCTION = YES;
				GCC_WARN_UNUSED_VARIABLE = YES;
				MACOSX_DEPLOYMENT_TARGET = 12.7;
				MTL_ENABLE_DEBUG_INFO = INCLUDE_SOURCE;
				MTL_FAST_MATH = YES;
				ONLY_ACTIVE_ARCH = YES;
				SDKROOT = macosx;
				SWIFT_ACTIVE_COMPILATION_CONDITIONS = DEBUG;
				SWIFT_OPTIMIZATION_LEVEL = "-Onone";
			};
			name = Debug;
		};
		C81EF1442D6B1D6E001B3B5E /* Release */ = {
			isa = XCBuildConfiguration;
			buildSettings = {
				ALWAYS_SEARCH_USER_PATHS = NO;
				CLANG_ANALYZER_NONNULL = YES;
				CLANG_ANALYZER_NUMBER_OBJECT_CONVERSION = YES_AGGRESSIVE;
				CLANG_CXX_LANGUAGE_STANDARD = "gnu++20";
				CLANG_ENABLE_MODULES = YES;
				CLANG_ENABLE_OBJC_ARC = YES;
				CLANG_ENABLE_OBJC_WEAK = YES;
				CLANG_WARN_BLOCK_CAPTURE_AUTORELEASING = YES;
				CLANG_WARN_BOOL_CONVERSION = YES;
				CLANG_WARN_COMMA = YES;
				CLANG_WARN_CONSTANT_CONVERSION = YES;
				CLANG_WARN_DEPRECATED_OBJC_IMPLEMENTATIONS = YES;
				CLANG_WARN_DIRECT_OBJC_ISA_USAGE = YES_ERROR;
				CLANG_WARN_DOCUMENTATION_COMMENTS = YES;
				CLANG_WARN_EMPTY_BODY = YES;
				CLANG_WARN_ENUM_CONVERSION = YES;
				CLANG_WARN_INFINITE_RECURSION = YES;
				CLANG_WARN_INT_CONVERSION = YES;
				CLANG_WARN_NON_LITERAL_NULL_CONVERSION = YES;
				CLANG_WARN_OBJC_IMPLICIT_RETAIN_SELF = YES;
				CLANG_WARN_OBJC_LITERAL_CONVERSION = YES;
				CLANG_WARN_OBJC_ROOT_CLASS = YES_ERROR;
				CLANG_WARN_QUOTED_INCLUDE_IN_FRAMEWORK_HEADER = YES;
				CLANG_WARN_RANGE_LOOP_ANALYSIS = YES;
				CLANG_WARN_STRICT_PROTOTYPES = YES;
				CLANG_WARN_SUSPICIOUS_MOVE = YES;
				CLANG_WARN_UNGUARDED_AVAILABILITY = YES_AGGRESSIVE;
				CLANG_WARN_UNREACHABLE_CODE = YES;
				CLANG_WARN__DUPLICATE_METHOD_MATCH = YES;
				COPY_PHASE_STRIP = NO;
				DEBUG_INFORMATION_FORMAT = "dwarf-with-dsym";
				ENABLE_NS_ASSERTIONS = NO;
				ENABLE_STRICT_OBJC_MSGSEND = YES;
				GCC_C_LANGUAGE_STANDARD = gnu11;
				GCC_NO_COMMON_BLOCKS = YES;
				GCC_WARN_64_TO_32_BIT_CONVERSION = YES;
				GCC_WARN_ABOUT_RETURN_TYPE = YES_ERROR;
				GCC_WARN_UNDECLARED_SELECTOR = YES;
				GCC_WARN_UNINITIALIZED_AUTOS = YES_AGGRESSIVE;
				GCC_WARN_UNUSED_FUNCTION = YES;
				GCC_WARN_UNUSED_VARIABLE = YES;
				MACOSX_DEPLOYMENT_TARGET = 12.7;
				MTL_ENABLE_DEBUG_INFO = NO;
				MTL_FAST_MATH = YES;
				SDKROOT = macosx;
				SWIFT_COMPILATION_MODE = wholemodule;
				SWIFT_OPTIMIZATION_LEVEL = "-O";
			};
			name = Release;
		};
		C81EF1462D6B1D6E001B3B5E /* Debug */ = {
			isa = XCBuildConfiguration;
			buildSettings = {
				ASSETCATALOG_COMPILER_APPICON_NAME = AppIcon;
				ASSETCATALOG_COMPILER_GLOBAL_ACCENT_COLOR_NAME = AccentColor;
				CODE_SIGN_ENTITLEMENTS = DevLint/DevLint.entitlements;
				CODE_SIGN_STYLE = Automatic;
				COMBINE_HIDPI_IMAGES = YES;
				CURRENT_PROJECT_VERSION = 1;
				DEVELOPMENT_ASSET_PATHS = "\"DevLint/Preview Content\"";
				ENABLE_PREVIEWS = YES;
				GENERATE_INFOPLIST_FILE = YES;
				INFOPLIST_KEY_NSHumanReadableCopyright = "";
				LD_RUNPATH_SEARCH_PATHS = (
					"$(inherited)",
					"@executable_path/../Frameworks",
				);
				MARKETING_VERSION = 1.0;
				PRODUCT_BUNDLE_IDENTIFIER = com.codeAlligator.DevLint;
				PRODUCT_NAME = "$(TARGET_NAME)";
				SWIFT_EMIT_LOC_STRINGS = YES;
				SWIFT_VERSION = 5.0;
			};
			name = Debug;
		};
		C81EF1472D6B1D6E001B3B5E /* Release */ = {
			isa = XCBuildConfiguration;
			buildSettings = {
				ASSETCATALOG_COMPILER_APPICON_NAME = AppIcon;
				ASSETCATALOG_COMPILER_GLOBAL_ACCENT_COLOR_NAME = AccentColor;
				CODE_SIGN_ENTITLEMENTS = DevLint/DevLint.entitlements;
				CODE_SIGN_STYLE = Automatic;
				COMBINE_HIDPI_IMAGES = YES;
				CURRENT_PROJECT_VERSION = 1;
				DEVELOPMENT_ASSET_PATHS = "\"DevLint/Preview Content\"";
				ENABLE_PREVIEWS = YES;
				GENERATE_INFOPLIST_FILE = YES;
				INFOPLIST_KEY_NSHumanReadableCopyright = "";
				LD_RUNPATH_SEARCH_PATHS = (
					"$(inherited)",
					"@executable_path/../Frameworks",
				);
				MARKETING_VERSION = 1.0;
				PRODUCT_BUNDLE_IDENTIFIER = com.codeAlligator.DevLint;
				PRODUCT_NAME = "$(TARGET_NAME)";
				SWIFT_EMIT_LOC_STRINGS = YES;
				SWIFT_VERSION = 5.0;
			};
			name = Release;
		};
/* End XCBuildConfiguration section */

/* Begin XCConfigurationList section */
		C81EF1312D6B1D6A001B3B5E /* Build configuration list for PBXProject "DevLint" */ = {
			isa = XCConfigurationList;
			buildConfigurations = (
				C81EF1432D6B1D6E001B3B5E /* Debug */,
				C81EF1442D6B1D6E001B3B5E /* Release */,
			);
			defaultConfigurationIsVisible = 0;
			defaultConfigurationName = Release;
		};
		C81EF1452D6B1D6E001B3B5E /* Build configuration list for PBXNativeTarget "DevLint" */ = {
			isa = XCConfigurationList;
			buildConfigurations = (
				C81EF1462D6B1D6E001B3B5E /* Debug */,
				C81EF1472D6B1D6E001B3B5E /* Release */,
			);
			defaultConfigurationIsVisible = 0;
			defaultConfigurationName = Release;
		};
/* End XCConfigurationList section */

/* Begin XCRemoteSwiftPackageReference section */
		C88818B72D6B9C0D00C62F85 /* XCRemoteSwiftPackageReference "SwiftFormat" */ = {
			isa = XCRemoteSwiftPackageReference;
			repositoryURL = "https://github.com/nicklockwood/SwiftFormat";
			requirement = {
				kind = upToNextMajorVersion;
				minimumVersion = 0.9.6;
			};
		};
/* End XCRemoteSwiftPackageReference section */

/* Begin XCSwiftPackageProductDependency section */
		C88818B82D6B9C0D00C62F85 /* SwiftFormat */ = {
			isa = XCSwiftPackageProductDependency;
			package = C88818B72D6B9C0D00C62F85 /* XCRemoteSwiftPackageReference "SwiftFormat" */;
			productName = SwiftFormat;
		};
/* End XCSwiftPackageProductDependency section */
	};
	rootObject = C81EF12E2D6B1D6A001B3B5E /* Project object */;
}
