// !$*UTF8*$!
{
	archiveVersion = 1;
	classes = {
	};
	objectVersion = 56;
	objects = {

/* Begin PBXBuildFile section */
		C813D9D82D7AED5500833098 /* CodeEditorModel.swift in Sources */ = {isa = PBXBuildFile; fileRef = C813D9D72D7AED5500833098 /* CodeEditorModel.swift */; };
		C813D9DA2D7AED7600833098 /* ThemeModel.swift in Sources */ = {isa = PBXBuildFile; fileRef = C813D9D92D7AED7600833098 /* ThemeModel.swift */; };
		C81EF13A2D6B1D6A001B3B5E /* DevLintApp.swift in Sources */ = {isa = PBXBuildFile; fileRef = C81EF1392D6B1D6A001B3B5E /* DevLintApp.swift */; };
		C81EF13C2D6B1D6A001B3B5E /* ContentView.swift in Sources */ = {isa = PBXBuildFile; fileRef = C81EF13B2D6B1D6A001B3B5E /* ContentView.swift */; };
		C81EF13E2D6B1D6E001B3B5E /* Assets.xcassets in Resources */ = {isa = PBXBuildFile; fileRef = C81EF13D2D6B1D6E001B3B5E /* Assets.xcassets */; };
		C81EF1412D6B1D6E001B3B5E /* Preview Assets.xcassets in Resources */ = {isa = PBXBuildFile; fileRef = C81EF1402D6B1D6E001B3B5E /* Preview Assets.xcassets */; };
		C81FA9692D897B5B00A33FEC /* Tokenizer.swift in Sources */ = {isa = PBXBuildFile; fileRef = C81FA9682D897B5B00A33FEC /* Tokenizer.swift */; };
		C81FA96B2D897B6900A33FEC /* Token.swift in Sources */ = {isa = PBXBuildFile; fileRef = C81FA96A2D897B6900A33FEC /* Token.swift */; };
		C81FA9742D8989C000A33FEC /* DevLintTests.swift in Sources */ = {isa = PBXBuildFile; fileRef = C81FA9732D8989C000A33FEC /* DevLintTests.swift */; };
		C81FA97B2D898A0E00A33FEC /* TokenizerTests.swift in Sources */ = {isa = PBXBuildFile; fileRef = C81FA97A2D898A0E00A33FEC /* TokenizerTests.swift */; };
		C81FA97E2D899CB100A33FEC /* LanguageRules.swift in Sources */ = {isa = PBXBuildFile; fileRef = C81FA97D2D899CB100A33FEC /* LanguageRules.swift */; };
		C81FA9802D899CD200A33FEC /* SwiftLanguageRules.swift in Sources */ = {isa = PBXBuildFile; fileRef = C81FA97F2D899CD200A33FEC /* SwiftLanguageRules.swift */; };
		C8601D452D7EEEA60058AEAB /* CustomToolbar.swift in Sources */ = {isa = PBXBuildFile; fileRef = C8601D442D7EEEA60058AEAB /* CustomToolbar.swift */; };
		C8601D472D7EFA770058AEAB /* ToolbarButton.swift in Sources */ = {isa = PBXBuildFile; fileRef = C8601D462D7EFA770058AEAB /* ToolbarButton.swift */; };
		C8763EBD2D7CCC1E00D535E6 /* LineNumberView.swift in Sources */ = {isa = PBXBuildFile; fileRef = C8763EBC2D7CCC1E00D535E6 /* LineNumberView.swift */; };
		C8763EBF2D7CCCBE00D535E6 /* EditorSectionView.swift in Sources */ = {isa = PBXBuildFile; fileRef = C8763EBE2D7CCCBE00D535E6 /* EditorSectionView.swift */; };
		C8763EC12D7CCD1000D535E6 /* CodeInputView.swift in Sources */ = {isa = PBXBuildFile; fileRef = C8763EC02D7CCD1000D535E6 /* CodeInputView.swift */; };
		C8763EC32D7CCD4000D535E6 /* CodeOutputView.swift in Sources */ = {isa = PBXBuildFile; fileRef = C8763EC22D7CCD4000D535E6 /* CodeOutputView.swift */; };
		C88818B92D6B9C0D00C62F85 /* SwiftFormat in Frameworks */ = {isa = PBXBuildFile; productRef = C88818B82D6B9C0D00C62F85 /* SwiftFormat */; };
		C8AC32302D7AF297003F496D /* CodeEditorViewModel.swift in Sources */ = {isa = PBXBuildFile; fileRef = C8AC322F2D7AF297003F496D /* CodeEditorViewModel.swift */; };
		C8AC32322D7AF2B7003F496D /* ThemeManager.swift in Sources */ = {isa = PBXBuildFile; fileRef = C8AC32312D7AF2B7003F496D /* ThemeManager.swift */; };
		C8AC32342D7AF3ED003F496D /* CodeEditorView.swift in Sources */ = {isa = PBXBuildFile; fileRef = C8AC32332D7AF3ED003F496D /* CodeEditorView.swift */; };
		C8B705452D88410500034249 /* CodeFormatter.swift in Sources */ = {isa = PBXBuildFile; fileRef = C8B705442D88410500034249 /* CodeFormatter.swift */; };
		C8B705482D88415700034249 /* SwiftFormatAdapter.swift in Sources */ = {isa = PBXBuildFile; fileRef = C8B705472D88415700034249 /* SwiftFormatAdapter.swift */; };
		C8EF75F72D7CC0910023A5DE /* Extensions.swift in Sources */ = {isa = PBXBuildFile; fileRef = C8EF75F62D7CC0910023A5DE /* Extensions.swift */; };
		C8F849B52D75AEF1002090E5 /* CodeEditorContainer.swift in Sources */ = {isa = PBXBuildFile; fileRef = C8F849B42D75AEF1002090E5 /* CodeEditorContainer.swift */; };
		C8F849BB2D75AF4A002090E5 /* SyntaxHighlighter.swift in Sources */ = {isa = PBXBuildFile; fileRef = C8F849BA2D75AF4A002090E5 /* SyntaxHighlighter.swift */; };
/* End PBXBuildFile section */

/* Begin PBXContainerItemProxy section */
		C81FA9752D8989C000A33FEC /* PBXContainerItemProxy */ = {
			isa = PBXContainerItemProxy;
			containerPortal = C81EF12E2D6B1D6A001B3B5E /* Project object */;
			proxyType = 1;
			remoteGlobalIDString = C81EF1352D6B1D6A001B3B5E;
			remoteInfo = DevLint;
		};
/* End PBXContainerItemProxy section */

/* Begin PBXFileReference section */
		C813D9D72D7AED5500833098 /* CodeEditorModel.swift */ = {isa = PBXFileReference; lastKnownFileType = sourcecode.swift; path = CodeEditorModel.swift; sourceTree = "<group>"; };
		C813D9D92D7AED7600833098 /* ThemeModel.swift */ = {isa = PBXFileReference; lastKnownFileType = sourcecode.swift; path = ThemeModel.swift; sourceTree = "<group>"; };
		C81EF1362D6B1D6A001B3B5E /* DevLint.app */ = {isa = PBXFileReference; explicitFileType = wrapper.application; includeInIndex = 0; path = DevLint.app; sourceTree = BUILT_PRODUCTS_DIR; };
		C81EF1392D6B1D6A001B3B5E /* DevLintApp.swift */ = {isa = PBXFileReference; lastKnownFileType = sourcecode.swift; path = DevLintApp.swift; sourceTree = "<group>"; };
		C81EF13B2D6B1D6A001B3B5E /* ContentView.swift */ = {isa = PBXFileReference; lastKnownFileType = sourcecode.swift; path = ContentView.swift; sourceTree = "<group>"; };
		C81EF13D2D6B1D6E001B3B5E /* Assets.xcassets */ = {isa = PBXFileReference; lastKnownFileType = folder.assetcatalog; path = Assets.xcassets; sourceTree = "<group>"; };
		C81EF1402D6B1D6E001B3B5E /* Preview Assets.xcassets */ = {isa = PBXFileReference; lastKnownFileType = folder.assetcatalog; path = "Preview Assets.xcassets"; sourceTree = "<group>"; };
		C81EF1422D6B1D6E001B3B5E /* DevLint.entitlements */ = {isa = PBXFileReference; lastKnownFileType = text.plist.entitlements; path = DevLint.entitlements; sourceTree = "<group>"; };
		C81FA9682D897B5B00A33FEC /* Tokenizer.swift */ = {isa = PBXFileReference; lastKnownFileType = sourcecode.swift; path = Tokenizer.swift; sourceTree = "<group>"; };
		C81FA96A2D897B6900A33FEC /* Token.swift */ = {isa = PBXFileReference; lastKnownFileType = sourcecode.swift; path = Token.swift; sourceTree = "<group>"; };
		C81FA9712D8989C000A33FEC /* DevLintTests.xctest */ = {isa = PBXFileReference; explicitFileType = wrapper.cfbundle; includeInIndex = 0; path = DevLintTests.xctest; sourceTree = BUILT_PRODUCTS_DIR; };
		C81FA9732D8989C000A33FEC /* DevLintTests.swift */ = {isa = PBXFileReference; lastKnownFileType = sourcecode.swift; path = DevLintTests.swift; sourceTree = "<group>"; };
		C81FA97A2D898A0E00A33FEC /* TokenizerTests.swift */ = {isa = PBXFileReference; lastKnownFileType = sourcecode.swift; path = TokenizerTests.swift; sourceTree = "<group>"; };
		C81FA97D2D899CB100A33FEC /* LanguageRules.swift */ = {isa = PBXFileReference; lastKnownFileType = sourcecode.swift; path = LanguageRules.swift; sourceTree = "<group>"; };
		C81FA97F2D899CD200A33FEC /* SwiftLanguageRules.swift */ = {isa = PBXFileReference; lastKnownFileType = sourcecode.swift; path = SwiftLanguageRules.swift; sourceTree = "<group>"; };
		C8601D442D7EEEA60058AEAB /* CustomToolbar.swift */ = {isa = PBXFileReference; lastKnownFileType = sourcecode.swift; path = CustomToolbar.swift; sourceTree = "<group>"; };
		C8601D462D7EFA770058AEAB /* ToolbarButton.swift */ = {isa = PBXFileReference; lastKnownFileType = sourcecode.swift; path = ToolbarButton.swift; sourceTree = "<group>"; };
		C8763EBC2D7CCC1E00D535E6 /* LineNumberView.swift */ = {isa = PBXFileReference; lastKnownFileType = sourcecode.swift; path = LineNumberView.swift; sourceTree = "<group>"; };
		C8763EBE2D7CCCBE00D535E6 /* EditorSectionView.swift */ = {isa = PBXFileReference; lastKnownFileType = sourcecode.swift; path = EditorSectionView.swift; sourceTree = "<group>"; };
		C8763EC02D7CCD1000D535E6 /* CodeInputView.swift */ = {isa = PBXFileReference; lastKnownFileType = sourcecode.swift; path = CodeInputView.swift; sourceTree = "<group>"; };
		C8763EC22D7CCD4000D535E6 /* CodeOutputView.swift */ = {isa = PBXFileReference; lastKnownFileType = sourcecode.swift; path = CodeOutputView.swift; sourceTree = "<group>"; };
		C8AC322F2D7AF297003F496D /* CodeEditorViewModel.swift */ = {isa = PBXFileReference; lastKnownFileType = sourcecode.swift; path = CodeEditorViewModel.swift; sourceTree = "<group>"; };
		C8AC32312D7AF2B7003F496D /* ThemeManager.swift */ = {isa = PBXFileReference; lastKnownFileType = sourcecode.swift; path = ThemeManager.swift; sourceTree = "<group>"; };
		C8AC32332D7AF3ED003F496D /* CodeEditorView.swift */ = {isa = PBXFileReference; lastKnownFileType = sourcecode.swift; path = CodeEditorView.swift; sourceTree = "<group>"; };
		C8B705442D88410500034249 /* CodeFormatter.swift */ = {isa = PBXFileReference; lastKnownFileType = sourcecode.swift; path = CodeFormatter.swift; sourceTree = "<group>"; };
		C8B705472D88415700034249 /* SwiftFormatAdapter.swift */ = {isa = PBXFileReference; lastKnownFileType = sourcecode.swift; path = SwiftFormatAdapter.swift; sourceTree = "<group>"; };
		C8EF75F62D7CC0910023A5DE /* Extensions.swift */ = {isa = PBXFileReference; lastKnownFileType = sourcecode.swift; path = Extensions.swift; sourceTree = "<group>"; };
		C8F849B42D75AEF1002090E5 /* CodeEditorContainer.swift */ = {isa = PBXFileReference; lastKnownFileType = sourcecode.swift; path = CodeEditorContainer.swift; sourceTree = "<group>"; };
		C8F849BA2D75AF4A002090E5 /* SyntaxHighlighter.swift */ = {isa = PBXFileReference; lastKnownFileType = sourcecode.swift; path = SyntaxHighlighter.swift; sourceTree = "<group>"; };
/* End PBXFileReference section */

/* Begin PBXFrameworksBuildPhase section */
		C81EF1332D6B1D6A001B3B5E /* Frameworks */ = {
			isa = PBXFrameworksBuildPhase;
			buildActionMask = 2147483647;
			files = (
				C88818B92D6B9C0D00C62F85 /* SwiftFormat in Frameworks */,
			);
			runOnlyForDeploymentPostprocessing = 0;
		};
		C81FA96E2D8989C000A33FEC /* Frameworks */ = {
			isa = PBXFrameworksBuildPhase;
			buildActionMask = 2147483647;
			files = (
			);
			runOnlyForDeploymentPostprocessing = 0;
		};
/* End PBXFrameworksBuildPhase section */

/* Begin PBXGroup section */
		C81EF12D2D6B1D6A001B3B5E = {
			isa = PBXGroup;
			children = (
				C81EF1382D6B1D6A001B3B5E /* DevLint */,
				C81FA9722D8989C000A33FEC /* DevLintTests */,
				C81EF1372D6B1D6A001B3B5E /* Products */,
			);
			sourceTree = "<group>";
		};
		C81EF1372D6B1D6A001B3B5E /* Products */ = {
			isa = PBXGroup;
			children = (
				C81EF1362D6B1D6A001B3B5E /* DevLint.app */,
				C81FA9712D8989C000A33FEC /* DevLintTests.xctest */,
			);
			name = Products;
			sourceTree = "<group>";
		};
		C81EF1382D6B1D6A001B3B5E /* DevLint */ = {
			isa = PBXGroup;
			children = (
				C8EF75F12D7CBBD30023A5DE /* App */,
				C8EF75F42D7CC0250023A5DE /* Core */,
				C887B66F2D77784A00AE1A03 /* Models */,
				C8F849B62D75AF02002090E5 /* ViewModels */,
				C8F849B32D75AD81002090E5 /* Views */,
				C8EF75F52D7CC0370023A5DE /* Components */,
				C8F849B92D75AF32002090E5 /* Utilities */,
				C81FA9672D897B4100A33FEC /* SyntaxHighlighting */,
				C8EF75F22D7CBEBD0023A5DE /* Resources */,
				C8EF75F32D7CBEE30023A5DE /* Supporting Files */,
				C81EF1422D6B1D6E001B3B5E /* DevLint.entitlements */,
				C81EF13F2D6B1D6E001B3B5E /* Preview Content */,
			);
			path = DevLint;
			sourceTree = "<group>";
		};
		C81EF13F2D6B1D6E001B3B5E /* Preview Content */ = {
			isa = PBXGroup;
			children = (
				C81EF1402D6B1D6E001B3B5E /* Preview Assets.xcassets */,
			);
			path = "Preview Content";
			sourceTree = "<group>";
		};
		C81FA9672D897B4100A33FEC /* SyntaxHighlighting */ = {
			isa = PBXGroup;
			children = (
				C81FA9812D899F8D00A33FEC /* Tokenizer */,
				C8F849BA2D75AF4A002090E5 /* SyntaxHighlighter.swift */,
			);
			path = SyntaxHighlighting;
			sourceTree = "<group>";
		};
		C81FA9722D8989C000A33FEC /* DevLintTests */ = {
			isa = PBXGroup;
			children = (
				C81FA9732D8989C000A33FEC /* DevLintTests.swift */,
				C81FA97A2D898A0E00A33FEC /* TokenizerTests.swift */,
			);
			path = DevLintTests;
			sourceTree = "<group>";
		};
		C81FA9812D899F8D00A33FEC /* Tokenizer */ = {
			isa = PBXGroup;
			children = (
				C81FA96A2D897B6900A33FEC /* Token.swift */,
				C81FA9682D897B5B00A33FEC /* Tokenizer.swift */,
				C81FA97D2D899CB100A33FEC /* LanguageRules.swift */,
				C81FA97F2D899CD200A33FEC /* SwiftLanguageRules.swift */,
			);
			path = Tokenizer;
			sourceTree = "<group>";
		};
		C887B66F2D77784A00AE1A03 /* Models */ = {
			isa = PBXGroup;
			children = (
				C813D9D72D7AED5500833098 /* CodeEditorModel.swift */,
				C813D9D92D7AED7600833098 /* ThemeModel.swift */,
			);
			path = Models;
			sourceTree = "<group>";
		};
		C8B705462D88413600034249 /* Formatters */ = {
			isa = PBXGroup;
			children = (
				C8B705442D88410500034249 /* CodeFormatter.swift */,
				C8B705472D88415700034249 /* SwiftFormatAdapter.swift */,
			);
			path = Formatters;
			sourceTree = "<group>";
		};
		C8B705492D88454100034249 /* Extensions */ = {
			isa = PBXGroup;
			children = (
				C8EF75F62D7CC0910023A5DE /* Extensions.swift */,
			);
			path = Extensions;
			sourceTree = "<group>";
		};
		C8EF75F12D7CBBD30023A5DE /* App */ = {
			isa = PBXGroup;
			children = (
				C81EF1392D6B1D6A001B3B5E /* DevLintApp.swift */,
			);
			path = App;
			sourceTree = "<group>";
		};
		C8EF75F22D7CBEBD0023A5DE /* Resources */ = {
			isa = PBXGroup;
			children = (
				C81EF13D2D6B1D6E001B3B5E /* Assets.xcassets */,
			);
			path = Resources;
			sourceTree = "<group>";
		};
		C8EF75F32D7CBEE30023A5DE /* Supporting Files */ = {
			isa = PBXGroup;
			children = (
			);
			path = "Supporting Files";
			sourceTree = "<group>";
		};
		C8EF75F42D7CC0250023A5DE /* Core */ = {
			isa = PBXGroup;
			children = (
				C8AC32312D7AF2B7003F496D /* ThemeManager.swift */,
			);
			path = Core;
			sourceTree = "<group>";
		};
		C8EF75F52D7CC0370023A5DE /* Components */ = {
			isa = PBXGroup;
			children = (
				C8AC32332D7AF3ED003F496D /* CodeEditorView.swift */,
			);
			path = Components;
			sourceTree = "<group>";
		};
		C8F849B32D75AD81002090E5 /* Views */ = {
			isa = PBXGroup;
			children = (
				C81EF13B2D6B1D6A001B3B5E /* ContentView.swift */,
				C8F849B42D75AEF1002090E5 /* CodeEditorContainer.swift */,
				C8763EBC2D7CCC1E00D535E6 /* LineNumberView.swift */,
				C8763EBE2D7CCCBE00D535E6 /* EditorSectionView.swift */,
				C8763EC02D7CCD1000D535E6 /* CodeInputView.swift */,
				C8763EC22D7CCD4000D535E6 /* CodeOutputView.swift */,
				C8601D442D7EEEA60058AEAB /* CustomToolbar.swift */,
				C8601D462D7EFA770058AEAB /* ToolbarButton.swift */,
			);
			path = Views;
			sourceTree = "<group>";
		};
		C8F849B62D75AF02002090E5 /* ViewModels */ = {
			isa = PBXGroup;
			children = (
				C8AC322F2D7AF297003F496D /* CodeEditorViewModel.swift */,
			);
			path = ViewModels;
			sourceTree = "<group>";
		};
		C8F849B92D75AF32002090E5 /* Utilities */ = {
			isa = PBXGroup;
			children = (
				C8B705492D88454100034249 /* Extensions */,
				C8B705462D88413600034249 /* Formatters */,
			);
			path = Utilities;
			sourceTree = "<group>";
		};
/* End PBXGroup section */

/* Begin PBXNativeTarget section */
		C81EF1352D6B1D6A001B3B5E /* DevLint */ = {
			isa = PBXNativeTarget;
			buildConfigurationList = C81EF1452D6B1D6E001B3B5E /* Build configuration list for PBXNativeTarget "DevLint" */;
			buildPhases = (
				C81EF1322D6B1D6A001B3B5E /* Sources */,
				C81EF1332D6B1D6A001B3B5E /* Frameworks */,
				C81EF1342D6B1D6A001B3B5E /* Resources */,
			);
			buildRules = (
			);
			dependencies = (
			);
			name = DevLint;
			packageProductDependencies = (
				C88818B82D6B9C0D00C62F85 /* SwiftFormat */,
			);
			productName = DevLint;
			productReference = C81EF1362D6B1D6A001B3B5E /* DevLint.app */;
			productType = "com.apple.product-type.application";
		};
		C81FA9702D8989C000A33FEC /* DevLintTests */ = {
			isa = PBXNativeTarget;
			buildConfigurationList = C81FA9772D8989C000A33FEC /* Build configuration list for PBXNativeTarget "DevLintTests" */;
			buildPhases = (
				C81FA96D2D8989C000A33FEC /* Sources */,
				C81FA96E2D8989C000A33FEC /* Frameworks */,
				C81FA96F2D8989C000A33FEC /* Resources */,
			);
			buildRules = (
			);
			dependencies = (
				C81FA9762D8989C000A33FEC /* PBXTargetDependency */,
			);
			name = DevLintTests;
			productName = DevLintTests;
			productReference = C81FA9712D8989C000A33FEC /* DevLintTests.xctest */;
			productType = "com.apple.product-type.bundle.unit-test";
		};
/* End PBXNativeTarget section */

/* Begin PBXProject section */
		C81EF12E2D6B1D6A001B3B5E /* Project object */ = {
			isa = PBXProject;
			attributes = {
				BuildIndependentTargetsInParallel = 1;
				LastSwiftUpdateCheck = 1420;
				LastUpgradeCheck = 1420;
				TargetAttributes = {
					C81EF1352D6B1D6A001B3B5E = {
						CreatedOnToolsVersion = 14.2;
					};
					C81FA9702D8989C000A33FEC = {
						CreatedOnToolsVersion = 14.2;
						TestTargetID = C81EF1352D6B1D6A001B3B5E;
					};
				};
			};
			buildConfigurationList = C81EF1312D6B1D6A001B3B5E /* Build configuration list for PBXProject "DevLint" */;
			compatibilityVersion = "Xcode 14.0";
			developmentRegion = en;
			hasScannedForEncodings = 0;
			knownRegions = (
				en,
				Base,
			);
			mainGroup = C81EF12D2D6B1D6A001B3B5E;
			packageReferences = (
				C88818B72D6B9C0D00C62F85 /* XCRemoteSwiftPackageReference "SwiftFormat" */,
			);
			productRefGroup = C81EF1372D6B1D6A001B3B5E /* Products */;
			projectDirPath = "";
			projectRoot = "";
			targets = (
				C81EF1352D6B1D6A001B3B5E /* DevLint */,
				C81FA9702D8989C000A33FEC /* DevLintTests */,
			);
		};
/* End PBXProject section */

/* Begin PBXResourcesBuildPhase section */
		C81EF1342D6B1D6A001B3B5E /* Resources */ = {
			isa = PBXResourcesBuildPhase;
			buildActionMask = 2147483647;
			files = (
				C81EF1412D6B1D6E001B3B5E /* Preview Assets.xcassets in Resources */,
				C81EF13E2D6B1D6E001B3B5E /* Assets.xcassets in Resources */,
			);
			runOnlyForDeploymentPostprocessing = 0;
		};
		C81FA96F2D8989C000A33FEC /* Resources */ = {
			isa = PBXResourcesBuildPhase;
			buildActionMask = 2147483647;
			files = (
			);
			runOnlyForDeploymentPostprocessing = 0;
		};
/* End PBXResourcesBuildPhase section */

/* Begin PBXSourcesBuildPhase section */
		C81EF1322D6B1D6A001B3B5E /* Sources */ = {
			isa = PBXSourcesBuildPhase;
			buildActionMask = 2147483647;
			files = (
				C8F849BB2D75AF4A002090E5 /* SyntaxHighlighter.swift in Sources */,
				C81FA9692D897B5B00A33FEC /* Tokenizer.swift in Sources */,
				C8601D472D7EFA770058AEAB /* ToolbarButton.swift in Sources */,
				C81FA9802D899CD200A33FEC /* SwiftLanguageRules.swift in Sources */,
				C8AC32342D7AF3ED003F496D /* CodeEditorView.swift in Sources */,
				C8AC32302D7AF297003F496D /* CodeEditorViewModel.swift in Sources */,
				C81EF13C2D6B1D6A001B3B5E /* ContentView.swift in Sources */,
				C813D9D82D7AED5500833098 /* CodeEditorModel.swift in Sources */,
				C813D9DA2D7AED7600833098 /* ThemeModel.swift in Sources */,
				C8763EBD2D7CCC1E00D535E6 /* LineNumberView.swift in Sources */,
				C8763EC12D7CCD1000D535E6 /* CodeInputView.swift in Sources */,
				C8763EC32D7CCD4000D535E6 /* CodeOutputView.swift in Sources */,
				C81FA96B2D897B6900A33FEC /* Token.swift in Sources */,
				C8AC32322D7AF2B7003F496D /* ThemeManager.swift in Sources */,
				C8763EBF2D7CCCBE00D535E6 /* EditorSectionView.swift in Sources */,
				C8B705482D88415700034249 /* SwiftFormatAdapter.swift in Sources */,
				C8601D452D7EEEA60058AEAB /* CustomToolbar.swift in Sources */,
				C81EF13A2D6B1D6A001B3B5E /* DevLintApp.swift in Sources */,
				C8EF75F72D7CC0910023A5DE /* Extensions.swift in Sources */,
				C8B705452D88410500034249 /* CodeFormatter.swift in Sources */,
				C8F849B52D75AEF1002090E5 /* CodeEditorContainer.swift in Sources */,
				C81FA97E2D899CB100A33FEC /* LanguageRules.swift in Sources */,
			);
			runOnlyForDeploymentPostprocessing = 0;
		};
		C81FA96D2D8989C000A33FEC /* Sources */ = {
			isa = PBXSourcesBuildPhase;
			buildActionMask = 2147483647;
			files = (
				C81FA9742D8989C000A33FEC /* DevLintTests.swift in Sources */,
				C81FA97B2D898A0E00A33FEC /* TokenizerTests.swift in Sources */,
			);
			runOnlyForDeploymentPostprocessing = 0;
		};
/* End PBXSourcesBuildPhase section */

/* Begin PBXTargetDependency section */
		C81FA9762D8989C000A33FEC /* PBXTargetDependency */ = {
			isa = PBXTargetDependency;
			target = C81EF1352D6B1D6A001B3B5E /* DevLint */;
			targetProxy = C81FA9752D8989C000A33FEC /* PBXContainerItemProxy */;
		};
/* End PBXTargetDependency section */

/* Begin XCBuildConfiguration section */
		C81EF1432D6B1D6E001B3B5E /* Debug */ = {
			isa = XCBuildConfiguration;
			buildSettings = {
				ALWAYS_SEARCH_USER_PATHS = NO;
				CLANG_ANALYZER_NONNULL = YES;
				CLANG_ANALYZER_NUMBER_OBJECT_CONVERSION = YES_AGGRESSIVE;
				CLANG_CXX_LANGUAGE_STANDARD = "gnu++20";
				CLANG_ENABLE_MODULES = YES;
				CLANG_ENABLE_OBJC_ARC = YES;
				CLANG_ENABLE_OBJC_WEAK = YES;
				CLANG_WARN_BLOCK_CAPTURE_AUTORELEASING = YES;
				CLANG_WARN_BOOL_CONVERSION = YES;
				CLANG_WARN_COMMA = YES;
				CLANG_WARN_CONSTANT_CONVERSION = YES;
				CLANG_WARN_DEPRECATED_OBJC_IMPLEMENTATIONS = YES;
				CLANG_WARN_DIRECT_OBJC_ISA_USAGE = YES_ERROR;
				CLANG_WARN_DOCUMENTATION_COMMENTS = YES;
				CLANG_WARN_EMPTY_BODY = YES;
				CLANG_WARN_ENUM_CONVERSION = YES;
				CLANG_WARN_INFINITE_RECURSION = YES;
				CLANG_WARN_INT_CONVERSION = YES;
				CLANG_WARN_NON_LITERAL_NULL_CONVERSION = YES;
				CLANG_WARN_OBJC_IMPLICIT_RETAIN_SELF = YES;
				CLANG_WARN_OBJC_LITERAL_CONVERSION = YES;
				CLANG_WARN_OBJC_ROOT_CLASS = YES_ERROR;
				CLANG_WARN_QUOTED_INCLUDE_IN_FRAMEWORK_HEADER = YES;
				CLANG_WARN_RANGE_LOOP_ANALYSIS = YES;
				CLANG_WARN_STRICT_PROTOTYPES = YES;
				CLANG_WARN_SUSPICIOUS_MOVE = YES;
				CLANG_WARN_UNGUARDED_AVAILABILITY = YES_AGGRESSIVE;
				CLANG_WARN_UNREACHABLE_CODE = YES;
				CLANG_WARN__DUPLICATE_METHOD_MATCH = YES;
				COPY_PHASE_STRIP = NO;
				DEBUG_INFORMATION_FORMAT = dwarf;
				ENABLE_STRICT_OBJC_MSGSEND = YES;
				ENABLE_TESTABILITY = YES;
				GCC_C_LANGUAGE_STANDARD = gnu11;
				GCC_DYNAMIC_NO_PIC = NO;
				GCC_NO_COMMON_BLOCKS = YES;
				GCC_OPTIMIZATION_LEVEL = 0;
				GCC_PREPROCESSOR_DEFINITIONS = (
					"DEBUG=1",
					"$(inherited)",
				);
				GCC_WARN_64_TO_32_BIT_CONVERSION = YES;
				GCC_WARN_ABOUT_RETURN_TYPE = YES_ERROR;
				GCC_WARN_UNDECLARED_SELECTOR = YES;
				GCC_WARN_UNINITIALIZED_AUTOS = YES_AGGRESSIVE;
				GCC_WARN_UNUSED_FUNCTION = YES;
				GCC_WARN_UNUSED_VARIABLE = YES;
				MACOSX_DEPLOYMENT_TARGET = 12.7;
				MTL_ENABLE_DEBUG_INFO = INCLUDE_SOURCE;
				MTL_FAST_MATH = YES;
				ONLY_ACTIVE_ARCH = YES;
				SDKROOT = macosx;
				SWIFT_ACTIVE_COMPILATION_CONDITIONS = DEBUG;
				SWIFT_OPTIMIZATION_LEVEL = "-Onone";
			};
			name = Debug;
		};
		C81EF1442D6B1D6E001B3B5E /* Release */ = {
			isa = XCBuildConfiguration;
			buildSettings = {
				ALWAYS_SEARCH_USER_PATHS = NO;
				CLANG_ANALYZER_NONNULL = YES;
				CLANG_ANALYZER_NUMBER_OBJECT_CONVERSION = YES_AGGRESSIVE;
				CLANG_CXX_LANGUAGE_STANDARD = "gnu++20";
				CLANG_ENABLE_MODULES = YES;
				CLANG_ENABLE_OBJC_ARC = YES;
				CLANG_ENABLE_OBJC_WEAK = YES;
				CLANG_WARN_BLOCK_CAPTURE_AUTORELEASING = YES;
				CLANG_WARN_BOOL_CONVERSION = YES;
				CLANG_WARN_COMMA = YES;
				CLANG_WARN_CONSTANT_CONVERSION = YES;
				CLANG_WARN_DEPRECATED_OBJC_IMPLEMENTATIONS = YES;
				CLANG_WARN_DIRECT_OBJC_ISA_USAGE = YES_ERROR;
				CLANG_WARN_DOCUMENTATION_COMMENTS = YES;
				CLANG_WARN_EMPTY_BODY = YES;
				CLANG_WARN_ENUM_CONVERSION = YES;
				CLANG_WARN_INFINITE_RECURSION = YES;
				CLANG_WARN_INT_CONVERSION = YES;
				CLANG_WARN_NON_LITERAL_NULL_CONVERSION = YES;
				CLANG_WARN_OBJC_IMPLICIT_RETAIN_SELF = YES;
				CLANG_WARN_OBJC_LITERAL_CONVERSION = YES;
				CLANG_WARN_OBJC_ROOT_CLASS = YES_ERROR;
				CLANG_WARN_QUOTED_INCLUDE_IN_FRAMEWORK_HEADER = YES;
				CLANG_WARN_RANGE_LOOP_ANALYSIS = YES;
				CLANG_WARN_STRICT_PROTOTYPES = YES;
				CLANG_WARN_SUSPICIOUS_MOVE = YES;
				CLANG_WARN_UNGUARDED_AVAILABILITY = YES_AGGRESSIVE;
				CLANG_WARN_UNREACHABLE_CODE = YES;
				CLANG_WARN__DUPLICATE_METHOD_MATCH = YES;
				COPY_PHASE_STRIP = NO;
				DEBUG_INFORMATION_FORMAT = "dwarf-with-dsym";
				ENABLE_NS_ASSERTIONS = NO;
				ENABLE_STRICT_OBJC_MSGSEND = YES;
				GCC_C_LANGUAGE_STANDARD = gnu11;
				GCC_NO_COMMON_BLOCKS = YES;
				GCC_WARN_64_TO_32_BIT_CONVERSION = YES;
				GCC_WARN_ABOUT_RETURN_TYPE = YES_ERROR;
				GCC_WARN_UNDECLARED_SELECTOR = YES;
				GCC_WARN_UNINITIALIZED_AUTOS = YES_AGGRESSIVE;
				GCC_WARN_UNUSED_FUNCTION = YES;
				GCC_WARN_UNUSED_VARIABLE = YES;
				MACOSX_DEPLOYMENT_TARGET = 12.7;
				MTL_ENABLE_DEBUG_INFO = NO;
				MTL_FAST_MATH = YES;
				SDKROOT = macosx;
				SWIFT_COMPILATION_MODE = wholemodule;
				SWIFT_OPTIMIZATION_LEVEL = "-O";
			};
			name = Release;
		};
		C81EF1462D6B1D6E001B3B5E /* Debug */ = {
			isa = XCBuildConfiguration;
			buildSettings = {
				ASSETCATALOG_COMPILER_APPICON_NAME = AppIcon;
				ASSETCATALOG_COMPILER_GLOBAL_ACCENT_COLOR_NAME = AccentColor;
				CODE_SIGN_ENTITLEMENTS = DevLint/DevLint.entitlements;
				CODE_SIGN_STYLE = Automatic;
				COMBINE_HIDPI_IMAGES = YES;
				CURRENT_PROJECT_VERSION = 1;
				DEVELOPMENT_ASSET_PATHS = "\"DevLint/Preview Content\"";
				ENABLE_PREVIEWS = YES;
				GENERATE_INFOPLIST_FILE = YES;
				INFOPLIST_KEY_LSApplicationCategoryType = "public.app-category.developer-tools";
				INFOPLIST_KEY_NSHumanReadableCopyright = "";
				LD_RUNPATH_SEARCH_PATHS = (
					"$(inherited)",
					"@executable_path/../Frameworks",
				);
				MARKETING_VERSION = 1.0;
				PRODUCT_BUNDLE_IDENTIFIER = com.codeAlligator.DevLint;
				PRODUCT_NAME = "$(TARGET_NAME)";
				SWIFT_EMIT_LOC_STRINGS = YES;
				SWIFT_VERSION = 5.0;
			};
			name = Debug;
		};
		C81EF1472D6B1D6E001B3B5E /* Release */ = {
			isa = XCBuildConfiguration;
			buildSettings = {
				ASSETCATALOG_COMPILER_APPICON_NAME = AppIcon;
				ASSETCATALOG_COMPILER_GLOBAL_ACCENT_COLOR_NAME = AccentColor;
				CODE_SIGN_ENTITLEMENTS = DevLint/DevLint.entitlements;
				CODE_SIGN_STYLE = Automatic;
				COMBINE_HIDPI_IMAGES = YES;
				CURRENT_PROJECT_VERSION = 1;
				DEVELOPMENT_ASSET_PATHS = "\"DevLint/Preview Content\"";
				ENABLE_PREVIEWS = YES;
				GENERATE_INFOPLIST_FILE = YES;
				INFOPLIST_KEY_LSApplicationCategoryType = "public.app-category.developer-tools";
				INFOPLIST_KEY_NSHumanReadableCopyright = "";
				LD_RUNPATH_SEARCH_PATHS = (
					"$(inherited)",
					"@executable_path/../Frameworks",
				);
				MARKETING_VERSION = 1.0;
				PRODUCT_BUNDLE_IDENTIFIER = com.codeAlligator.DevLint;
				PRODUCT_NAME = "$(TARGET_NAME)";
				SWIFT_EMIT_LOC_STRINGS = YES;
				SWIFT_VERSION = 5.0;
			};
			name = Release;
		};
		C81FA9782D8989C000A33FEC /* Debug */ = {
			isa = XCBuildConfiguration;
			buildSettings = {
				BUNDLE_LOADER = "$(TEST_HOST)";
				CODE_SIGN_STYLE = Automatic;
				CURRENT_PROJECT_VERSION = 1;
				GENERATE_INFOPLIST_FILE = YES;
				MARKETING_VERSION = 1.0;
				PRODUCT_BUNDLE_IDENTIFIER = com.codeAlligator.DevLintTests;
				PRODUCT_NAME = "$(TARGET_NAME)";
				SWIFT_EMIT_LOC_STRINGS = NO;
				SWIFT_VERSION = 5.0;
				TEST_HOST = "$(BUILT_PRODUCTS_DIR)/DevLint.app/$(BUNDLE_EXECUTABLE_FOLDER_PATH)/DevLint";
			};
			name = Debug;
		};
		C81FA9792D8989C000A33FEC /* Release */ = {
			isa = XCBuildConfiguration;
			buildSettings = {
				BUNDLE_LOADER = "$(TEST_HOST)";
				CODE_SIGN_STYLE = Automatic;
				CURRENT_PROJECT_VERSION = 1;
				GENERATE_INFOPLIST_FILE = YES;
				MARKETING_VERSION = 1.0;
				PRODUCT_BUNDLE_IDENTIFIER = com.codeAlligator.DevLintTests;
				PRODUCT_NAME = "$(TARGET_NAME)";
				SWIFT_EMIT_LOC_STRINGS = NO;
				SWIFT_VERSION = 5.0;
				TEST_HOST = "$(BUILT_PRODUCTS_DIR)/DevLint.app/$(BUNDLE_EXECUTABLE_FOLDER_PATH)/DevLint";
			};
			name = Release;
		};
/* End XCBuildConfiguration section */

/* Begin XCConfigurationList section */
		C81EF1312D6B1D6A001B3B5E /* Build configuration list for PBXProject "DevLint" */ = {
			isa = XCConfigurationList;
			buildConfigurations = (
				C81EF1432D6B1D6E001B3B5E /* Debug */,
				C81EF1442D6B1D6E001B3B5E /* Release */,
			);
			defaultConfigurationIsVisible = 0;
			defaultConfigurationName = Release;
		};
		C81EF1452D6B1D6E001B3B5E /* Build configuration list for PBXNativeTarget "DevLint" */ = {
			isa = XCConfigurationList;
			buildConfigurations = (
				C81EF1462D6B1D6E001B3B5E /* Debug */,
				C81EF1472D6B1D6E001B3B5E /* Release */,
			);
			defaultConfigurationIsVisible = 0;
			defaultConfigurationName = Release;
		};
		C81FA9772D8989C000A33FEC /* Build configuration list for PBXNativeTarget "DevLintTests" */ = {
			isa = XCConfigurationList;
			buildConfigurations = (
				C81FA9782D8989C000A33FEC /* Debug */,
				C81FA9792D8989C000A33FEC /* Release */,
			);
			defaultConfigurationIsVisible = 0;
			defaultConfigurationName = Release;
		};
/* End XCConfigurationList section */

/* Begin XCRemoteSwiftPackageReference section */
		C88818B72D6B9C0D00C62F85 /* XCRemoteSwiftPackageReference "SwiftFormat" */ = {
			isa = XCRemoteSwiftPackageReference;
			repositoryURL = "https://github.com/nicklockwood/SwiftFormat";
			requirement = {
				kind = upToNextMajorVersion;
				minimumVersion = 0.9.6;
			};
		};
/* End XCRemoteSwiftPackageReference section */

/* Begin XCSwiftPackageProductDependency section */
		C88818B82D6B9C0D00C62F85 /* SwiftFormat */ = {
			isa = XCSwiftPackageProductDependency;
			package = C88818B72D6B9C0D00C62F85 /* XCRemoteSwiftPackageReference "SwiftFormat" */;
			productName = SwiftFormat;
		};
/* End XCSwiftPackageProductDependency section */
	};
	rootObject = C81EF12E2D6B1D6A001B3B5E /* Project object */;
}
